
Microsoft Visual Studio Solution File, Format Version 12.00
# Visual Studio Version 16
VisualStudioVersion = 16.0.29025.244
MinimumVisualStudioVersion = 10.0.40219.1
Project("{8BC9CEB8-8B4A-11D0-8D11-00A0C91BC942}") = "OperatingSystemLAB1", "OperatingSystemLAB1\OperatingSystemLAB1.vcxproj", "{F2714815-E7D0-4281-92FD-B08734555FC2}"
EndProject
Global
	GlobalSection(SolutionConfigurationPlatforms) = preSolution
		Debug|x64 = Debug|x64
		Debug|x86 = Debug|x86
		Release|x64 = Release|x64
		Release|x86 = Release|x86
	EndGlobalSection
	GlobalSection(ProjectConfigurationPlatforms) = postSolution
		{F2714815-E7D0-4281-92FD-B08734555FC2}.Debug|x64.ActiveCfg = Debug|x64
		{F2714815-E7D0-4281-92FD-B08734555FC2}.Debug|x64.Build.0 = Debug|x64
		{F2714815-E7D0-4281-92FD-B08734555FC2}.Debug|x86.ActiveCfg = Debug|Win32
		{F2714815-E7D0-4281-92FD-B08734555FC2}.Debug|x86.Build.0 = Debug|Win32
		{F2714815-E7D0-4281-92FD-B08734555FC2}.Release|x64.ActiveCfg = Release|x64
		{F2714815-E7D0-4281-92FD-B08734555FC2}.Release|x64.Build.0 = Release|x64
		{F2714815-E7D0-4281-92FD-B08734555FC2}.Release|x86.ActiveCfg = Release|Win32
		{F2714815-E7D0-4281-92FD-B08734555FC2}.Release|x86.Build.0 = Release|Win32
	EndGlobalSection
	GlobalSection(SolutionProperties) = preSolution
		HideSolutionNode = FALSE
	EndGlobalSection
	GlobalSection(ExtensibilityGlobals) = postSolution
		SolutionGuid = {C5F8EB72-6456-4A95-A97A-76A16E248B70}
	EndGlobalSection
EndGlobal
